
Microsoft Visual Studio Solution File, Format Version 12.00
# Visual Studio 15
VisualStudioVersion = 15.0.26124.0
MinimumVisualStudioVersion = 15.0.26124.0
Project("{FAE04EC0-301F-11D3-BF4B-00C04F79EFBC}") = "PingClient", "PingClient\PingClient.csproj", "{AF767D54-3801-422D-80E8-D77CCE355A85}"
EndProject
Project("{FAE04EC0-301F-11D3-BF4B-00C04F79EFBC}") = "PingServer", "PingServer\PingServer.csproj", "{F8DC6DAF-FA50-4848-8102-C408E54AE3EB}"
EndProject
Global
	GlobalSection(SolutionConfigurationPlatforms) = preSolution
		Debug|Any CPU = Debug|Any CPU
		Debug|x64 = Debug|x64
		Debug|x86 = Debug|x86
		Release|Any CPU = Release|Any CPU
		Release|x64 = Release|x64
		Release|x86 = Release|x86
	EndGlobalSection
	GlobalSection(SolutionProperties) = preSolution
		HideSolutionNode = FALSE
	EndGlobalSection
	GlobalSection(ProjectConfigurationPlatforms) = postSolution
		{AF767D54-3801-422D-80E8-D77CCE355A85}.Debug|Any CPU.ActiveCfg = Debug|Any CPU
		{AF767D54-3801-422D-80E8-D77CCE355A85}.Debug|Any CPU.Build.0 = Debug|Any CPU
		{AF767D54-3801-422D-80E8-D77CCE355A85}.Debug|x64.ActiveCfg = Debug|Any CPU
		{AF767D54-3801-422D-80E8-D77CCE355A85}.Debug|x64.Build.0 = Debug|Any CPU
		{AF767D54-3801-422D-80E8-D77CCE355A85}.Debug|x86.ActiveCfg = Debug|Any CPU
		{AF767D54-3801-422D-80E8-D77CCE355A85}.Debug|x86.Build.0 = Debug|Any CPU
		{AF767D54-3801-422D-80E8-D77CCE355A85}.Release|Any CPU.ActiveCfg = Release|Any CPU
		{AF767D54-3801-422D-80E8-D77CCE355A85}.Release|Any CPU.Build.0 = Release|Any CPU
		{AF767D54-3801-422D-80E8-D77CCE355A85}.Release|x64.ActiveCfg = Release|Any CPU
		{AF767D54-3801-422D-80E8-D77CCE355A85}.Release|x64.Build.0 = Release|Any CPU
		{AF767D54-3801-422D-80E8-D77CCE355A85}.Release|x86.ActiveCfg = Release|Any CPU
		{AF767D54-3801-422D-80E8-D77CCE355A85}.Release|x86.Build.0 = Release|Any CPU
		{F8DC6DAF-FA50-4848-8102-C408E54AE3EB}.Debug|Any CPU.ActiveCfg = Debug|Any CPU
		{F8DC6DAF-FA50-4848-8102-C408E54AE3EB}.Debug|Any CPU.Build.0 = Debug|Any CPU
		{F8DC6DAF-FA50-4848-8102-C408E54AE3EB}.Debug|x64.ActiveCfg = Debug|Any CPU
		{F8DC6DAF-FA50-4848-8102-C408E54AE3EB}.Debug|x64.Build.0 = Debug|Any CPU
		{F8DC6DAF-FA50-4848-8102-C408E54AE3EB}.Debug|x86.ActiveCfg = Debug|Any CPU
		{F8DC6DAF-FA50-4848-8102-C408E54AE3EB}.Debug|x86.Build.0 = Debug|Any CPU
		{F8DC6DAF-FA50-4848-8102-C408E54AE3EB}.Release|Any CPU.ActiveCfg = Release|Any CPU
		{F8DC6DAF-FA50-4848-8102-C408E54AE3EB}.Release|Any CPU.Build.0 = Release|Any CPU
		{F8DC6DAF-FA50-4848-8102-C408E54AE3EB}.Release|x64.ActiveCfg = Release|Any CPU
		{F8DC6DAF-FA50-4848-8102-C408E54AE3EB}.Release|x64.Build.0 = Release|Any CPU
		{F8DC6DAF-FA50-4848-8102-C408E54AE3EB}.Release|x86.ActiveCfg = Release|Any CPU
		{F8DC6DAF-FA50-4848-8102-C408E54AE3EB}.Release|x86.Build.0 = Release|Any CPU
	EndGlobalSection
EndGlobal
